
Microsoft Visual Studio Solution File, Format Version 12.00
# Visual Studio Version 17
VisualStudioVersion = 17.5.33502.453
MinimumVisualStudioVersion = 10.0.40219.1
Project("{888888A0-9F3D-457C-B088-3A5042F75D52}") = "ExpDist", "ExpDist\ExpDist.pyproj", "{4684767F-5DA0-48CD-8A8E-F3A86D6339DE}"
EndProject
Project("{888888A0-9F3D-457C-B088-3A5042F75D52}") = "Method2", "Method2\Method2.pyproj", "{70B09547-28E4-48D1-87E0-54842010F504}"
EndProject
Global
	GlobalSection(SolutionConfigurationPlatforms) = preSolution
		Debug|Any CPU = Debug|Any CPU
		Release|Any CPU = Release|Any CPU
	EndGlobalSection
	GlobalSection(ProjectConfigurationPlatforms) = postSolution
		{4684767F-5DA0-48CD-8A8E-F3A86D6339DE}.Debug|Any CPU.ActiveCfg = Debug|Any CPU
		{4684767F-5DA0-48CD-8A8E-F3A86D6339DE}.Release|Any CPU.ActiveCfg = Release|Any CPU
		{70B09547-28E4-48D1-87E0-54842010F504}.Debug|Any CPU.ActiveCfg = Debug|Any CPU
		{70B09547-28E4-48D1-87E0-54842010F504}.Release|Any CPU.ActiveCfg = Release|Any CPU
	EndGlobalSection
	GlobalSection(SolutionProperties) = preSolution
		HideSolutionNode = FALSE
	EndGlobalSection
	GlobalSection(ExtensibilityGlobals) = postSolution
		SolutionGuid = {4F0921C2-10F0-41C1-8A6B-A84EC39ECC1A}
	EndGlobalSection
EndGlobal
